PODS:
  - BrazeKit (10.1.0)
  - BrazeLocation (10.1.0):
    - BrazeKit (= 10.1.0)
  - BrazeUI (10.1.0):
    - BrazeKit (= 10.1.0)
  - Capacitor (7.0.1):
    - CapacitorCordova
  - CapacitorApp (7.0.0):
    - Capacitor
  - CapacitorCordova (7.0.1)
  - CapacitorHaptics (7.0.0):
    - Capacitor
  - CapacitorKeyboard (7.0.0):
    - Capacitor
  - CapacitorPushNotifications (7.0.0):
    - Capacitor
  - CapacitorStatusBar (7.0.0):
    - Capacitor
  - CordovaPluginsStatic (7.0.1):
    - BrazeKit (~> 10.1.0)
    - BrazeLocation (~> 10.1.0)
    - BrazeUI (~> 10.1.0)
    - CapacitorCordova

DEPENDENCIES:
  - "Capacitor (from `../../node_modules/@capacitor/ios`)"
  - "CapacitorApp (from `../../node_modules/@capacitor/app`)"
  - "CapacitorCordova (from `../../node_modules/@capacitor/ios`)"
  - "CapacitorHaptics (from `../../node_modules/@capacitor/haptics`)"
  - "CapacitorKeyboard (from `../../node_modules/@capacitor/keyboard`)"
  - "CapacitorPushNotifications (from `../../node_modules/@capacitor/push-notifications`)"
  - "CapacitorStatusBar (from `../../node_modules/@capacitor/status-bar`)"
  - CordovaPluginsStatic (from `../capacitor-cordova-ios-plugins`)

SPEC REPOS:
  trunk:
    - BrazeKit
    - BrazeLocation
    - BrazeUI

EXTERNAL SOURCES:
  Capacitor:
    :path: "../../node_modules/@capacitor/ios"
  CapacitorApp:
    :path: "../../node_modules/@capacitor/app"
  CapacitorCordova:
    :path: "../../node_modules/@capacitor/ios"
  CapacitorHaptics:
    :path: "../../node_modules/@capacitor/haptics"
  CapacitorKeyboard:
    :path: "../../node_modules/@capacitor/keyboard"
  CapacitorPushNotifications:
    :path: "../../node_modules/@capacitor/push-notifications"
  CapacitorStatusBar:
    :path: "../../node_modules/@capacitor/status-bar"
  CordovaPluginsStatic:
    :path: "../capacitor-cordova-ios-plugins"

SPEC CHECKSUMS:
  BrazeKit: 6ad539cc8cfd2760c0e1974df17362b8a5c97dbc
  BrazeLocation: e84bbd252a7629e170fab497f7bf20b1ee8ce399
  BrazeUI: 6516c7a30396a3b338a685f9b79beea8204ff3ea
  Capacitor: de199cba6c8b20995428ad0b7cb0bc6ca625ffd4
  CapacitorApp: 9cb31064a6c6bb2b1438583733a7bf45557fc1da
  CapacitorCordova: 63d476958d5022d76f197031e8b7ea3519988c64
  CapacitorHaptics: 7be406a91e4eb87287f321c6c68e1709d6837b3a
  CapacitorKeyboard: 4db71e694e7afb5d7c0be09b05495c19f7d6c914
  CapacitorPushNotifications: 2e0132cd2f1a5d696bcbfc3725c2b6ffcb9275d4
  CapacitorStatusBar: a8c4c83ed2e973bdafb979e80e4b00d027832cb7
  CordovaPluginsStatic: 69db13974334532e63fe4e729f5375ccd0e87c48

PODFILE CHECKSUM: a5489aa241a25b66194f14e486c48e4c785f534c

COCOAPODS: 1.16.2
