PODS:
  - BrazeKit (10.1.0)
  - BrazeLocation (10.1.0):
    - BrazeKit (= 10.1.0)
  - BrazeUI (10.1.0):
    - BrazeKit (= 10.1.0)
  - Capacitor (7.0.1):
    - CapacitorCordova
  - CapacitorApp (7.0.0):
    - Capacitor
  - CapacitorCordova (7.0.1)
  - CapacitorHaptics (7.0.0):
    - Capacitor
  - CapacitorKeyboard (7.0.0):
    - Capacitor
  - CapacitorStatusBar (7.0.0):
    - Capacitor
  - CordovaPluginsStatic (7.0.1):
    - BrazeKit (~> 10.1.0)
    - BrazeLocation (~> 10.1.0)
    - BrazeUI (~> 10.1.0)
    - CapacitorCordova

DEPENDENCIES:
  - "Capacitor (from `../../node_modules/@capacitor/ios`)"
  - "CapacitorApp (from `../../node_modules/@capacitor/app`)"
  - "CapacitorCordova (from `../../node_modules/@capacitor/ios`)"
  - "CapacitorHaptics (from `../../node_modules/@capacitor/haptics`)"
  - "CapacitorKeyboard (from `../../node_modules/@capacitor/keyboard`)"
  - "CapacitorStatusBar (from `../../node_modules/@capacitor/status-bar`)"
  - CordovaPluginsStatic (from `../capacitor-cordova-ios-plugins`)

SPEC REPOS:
  trunk:
    - BrazeKit
    - BrazeLocation
    - BrazeUI

EXTERNAL SOURCES:
  Capacitor:
    :path: "../../node_modules/@capacitor/ios"
  CapacitorApp:
    :path: "../../node_modules/@capacitor/app"
  CapacitorCordova:
    :path: "../../node_modules/@capacitor/ios"
  CapacitorHaptics:
    :path: "../../node_modules/@capacitor/haptics"
  CapacitorKeyboard:
    :path: "../../node_modules/@capacitor/keyboard"
  CapacitorStatusBar:
    :path: "../../node_modules/@capacitor/status-bar"
  CordovaPluginsStatic:
    :path: "../capacitor-cordova-ios-plugins"

SPEC CHECKSUMS:
  BrazeKit: 6ad539cc8cfd2760c0e1974df17362b8a5c97dbc
  BrazeLocation: e84bbd252a7629e170fab497f7bf20b1ee8ce399
  BrazeUI: 6516c7a30396a3b338a685f9b79beea8204ff3ea
  Capacitor: 23fff43571a4d1e3ee7d67b5a3588c6e757c2913
  CapacitorApp: 45cb7cbef4aa380b9236fd6980033eb5cde6fcd2
  CapacitorCordova: 63d476958d5022d76f197031e8b7ea3519988c64
  CapacitorHaptics: 1fba3e460e7614349c6d5f868b1fccdc5c87b66d
  CapacitorKeyboard: 2c26c6fccde35023c579fc37d4cae6326d5e6343
  CapacitorStatusBar: 438e90beeeefa8276b24e6c5991cb02dd13e51bf
  CordovaPluginsStatic: 4dd9b1a76217d3c630591d3b87b6c9486c6d08c3

PODFILE CHECKSUM: 2fde40b4adb26836a809ff586d1909a3f8a5ee54

COCOAPODS: 1.16.1
